<?xml version="1.0" encoding="utf-8"?>
<Project ToolsVersion="4.0" xmlns="http://schemas.microsoft.com/developer/msbuild/2003">
  <ItemGroup>
    <Filter Include="Source Files">
      <UniqueIdentifier>{77c7852c-b6d7-4c1e-b3d1-bba89d91cdcf}</UniqueIdentifier>
      <Extensions>cpp;c;cxx;rc;def;r;odl;idl;hpj;bat</Extensions>
    </Filter>
    <Filter Include="Header Files">
      <UniqueIdentifier>{5ca7f9d9-43b2-4c1a-be85-cfd864691445}</UniqueIdentifier>
      <Extensions>h;hpp;hxx;hm;inl</Extensions>
    </Filter>
    <Filter Include="Resource Files">
      <UniqueIdentifier>{bdfaf270-7c08-4c6f-ad9b-e768c48c34d9}</UniqueIdentifier>
      <Extensions>ico;cur;bmp;dlg;rc2;rct;bin;rgs;gif;jpg;jpeg;jpe</Extensions>
    </Filter>
  </ItemGroup>
  <ItemGroup>
    <ClCompile Include="CShockwaveFlash.cpp">
      <Filter>Source Files</Filter>
    </ClCompile>
    <ClCompile Include="FlashPlugin.cpp">
      <Filter>Source Files</Filter>
    </ClCompile>
    <ClCompile Include="FlashPluginDlg.cpp">
      <Filter>Source Files</Filter>
    </ClCompile>
    <ClCompile Include="SelectComputer.cpp">
      <Filter>Source Files</Filter>
    </ClCompile>
    <ClCompile Include="SelectNetwork.cpp">
      <Filter>Source Files</Filter>
    </ClCompile>
    <ClCompile Include="StdAfx.cpp">
      <Filter>Source Files</Filter>
    </ClCompile>
  </ItemGroup>
  <ItemGroup>
    <None Include="res\computer.ico">
      <Filter>Resource Files</Filter>
    </None>
    <None Include="res\FlashPlugin.ico">
      <Filter>Resource Files</Filter>
    </None>
    <None Include="res\FlashPlugin.rc2">
      <Filter>Resource Files</Filter>
    </None>
    <None Include="res\workgroup.ico">
      <Filter>Resource Files</Filter>
    </None>
  </ItemGroup>
  <ItemGroup>
    <ClInclude Include="CShockwaveFlash.h">
      <Filter>Header Files</Filter>
    </ClInclude>
    <ClInclude Include="FlashPlugin.h">
      <Filter>Header Files</Filter>
    </ClInclude>
    <ClInclude Include="FlashPluginDlg.h">
      <Filter>Header Files</Filter>
    </ClInclude>
    <ClInclude Include="Resource.h">
      <Filter>Header Files</Filter>
    </ClInclude>
    <ClInclude Include="SelectComputer.h">
      <Filter>Header Files</Filter>
    </ClInclude>
    <ClInclude Include="SelectNetwork.h">
      <Filter>Header Files</Filter>
    </ClInclude>
    <ClInclude Include="StdAfx.h">
      <Filter>Header Files</Filter>
    </ClInclude>
  </ItemGroup>
  <ItemGroup>
    <ResourceCompile Include="FlashPlugin.rc">
      <Filter>Resource Files</Filter>
    </ResourceCompile>
  </ItemGroup>
  <ItemGroup>
    <Manifest Include="res\SampleFlashPlayer.exe.manifest">
      <Filter>Resource Files</Filter>
    </Manifest>
  </ItemGroup>
  <ItemGroup>
    <CustomBuild Include="PostBuild.mk">
      <Filter>Source Files</Filter>
    </CustomBuild>
  </ItemGroup>
</Project>